
Microsoft Visual Studio Solution File, Format Version 12.00
# Visual Studio 15
VisualStudioVersion = 15.0.26730.16
MinimumVisualStudioVersion = 10.0.40219.1
Project("{FAE04EC0-301F-11D3-BF4B-00C04F79EFBC}") = "RazorPagesSong", "RazorPagesSong\RazorPagesSong.csproj", "{CBFC26BD-88B0-4C41-B903-417C902E63F5}"
EndProject
Global
	GlobalSection(SolutionConfigurationPlatforms) = preSolution
		Debug|Any CPU = Debug|Any CPU
		Release|Any CPU = Release|Any CPU
	EndGlobalSection
	GlobalSection(ProjectConfigurationPlatforms) = postSolution
		{CBFC26BD-88B0-4C41-B903-417C902E63F5}.Debug|Any CPU.ActiveCfg = Debug|Any CPU
		{CBFC26BD-88B0-4C41-B903-417C902E63F5}.Debug|Any CPU.Build.0 = Debug|Any CPU
		{CBFC26BD-88B0-4C41-B903-417C902E63F5}.Release|Any CPU.ActiveCfg = Release|Any CPU
		{CBFC26BD-88B0-4C41-B903-417C902E63F5}.Release|Any CPU.Build.0 = Release|Any CPU
	EndGlobalSection
	GlobalSection(SolutionProperties) = preSolution
		HideSolutionNode = FALSE
	EndGlobalSection
	GlobalSection(ExtensibilityGlobals) = postSolution
		SolutionGuid = {A7E80897-13AD-4232-A09F-E384C671956B}
	EndGlobalSection
EndGlobal
